
Microsoft Visual Studio Solution File, Format Version 12.00
# Visual Studio Version 16
VisualStudioVersion = 16.0.29911.84
MinimumVisualStudioVersion = 10.0.40219.1
Project("{FAE04EC0-301F-11D3-BF4B-00C04F79EFBC}") = "Zadanie_number1Krasnov221P", "Zadanie_number1Krasnov221P\Zadanie_number1Krasnov221P.csproj", "{62519A84-98BF-4C36-87CB-A0B34B761D2A}"
EndProject
Global
	GlobalSection(SolutionConfigurationPlatforms) = preSolution
		Debug|Any CPU = Debug|Any CPU
		Release|Any CPU = Release|Any CPU
	EndGlobalSection
	GlobalSection(ProjectConfigurationPlatforms) = postSolution
		{62519A84-98BF-4C36-87CB-A0B34B761D2A}.Debug|Any CPU.ActiveCfg = Debug|Any CPU
		{62519A84-98BF-4C36-87CB-A0B34B761D2A}.Debug|Any CPU.Build.0 = Debug|Any CPU
		{62519A84-98BF-4C36-87CB-A0B34B761D2A}.Release|Any CPU.ActiveCfg = Release|Any CPU
		{62519A84-98BF-4C36-87CB-A0B34B761D2A}.Release|Any CPU.Build.0 = Release|Any CPU
	EndGlobalSection
	GlobalSection(SolutionProperties) = preSolution
		HideSolutionNode = FALSE
	EndGlobalSection
	GlobalSection(ExtensibilityGlobals) = postSolution
		SolutionGuid = {5C49DBD6-CA36-49C3-B0CE-BBBF28BC7C4C}
	EndGlobalSection
EndGlobal
